<?xml version="1.0" encoding="utf-8"?>
<!--
######################################################################
# PixInsight Makefile Generator Script v1.121
# Copyright (C) 2009-2020 Pleiades Astrophoto
######################################################################
# Generated on .... 2020-12-02T20:27:03.985Z
# Project id ...... JPEG2000
# Project type .... Module
# Platform ........ Windows/vc16 (compatibility)
# ++++++++++++++++++++++++++++++++++++++++++++++++++++++++++++++++++++
# Additional preprocessor definitions:
# _CRT_SECURE_NO_WARNINGS
# ++++++++++++++++++++++++++++++++++++++++++++++++++++++++++++++++++++
# Additional libraries:
# jasper-pxi
######################################################################
-->
<Project DefaultTargets="Build" ToolsVersion="4.0" xmlns="http://schemas.microsoft.com/developer/msbuild/2003">
  <ItemGroup>
    <Filter Include="Source Files">
      <UniqueIdentifier>6cad3ffa-970f-4123-8c2d-97d9d6e75064</UniqueIdentifier>
    </Filter>
    <Filter Include="Header Files">
      <UniqueIdentifier>c34f77b1-4469-46e5-b587-56094ef78394</UniqueIdentifier>
    </Filter>
    <Filter Include="Image Files">
      <UniqueIdentifier>1b5d81f5-5392-46ec-9cd9-7f79e43d83a6</UniqueIdentifier>
    </Filter>
  </ItemGroup>
  <ItemGroup>
    <ClCompile Include="..\..\JPEG2000Format.cpp">
        <Filter>Source Files</Filter>
    </ClCompile>
    <ClCompile Include="..\..\JPEG2000Instance.cpp">
        <Filter>Source Files</Filter>
    </ClCompile>
    <ClCompile Include="..\..\JPEG2000Module.cpp">
        <Filter>Source Files</Filter>
    </ClCompile>
    <ClCompile Include="..\..\JPEG2000OptionsDialog.cpp">
        <Filter>Source Files</Filter>
    </ClCompile>
    <ClCompile Include="..\..\JPEG2000PreferencesDialog.cpp">
        <Filter>Source Files</Filter>
    </ClCompile>
  </ItemGroup>
  <ItemGroup>
    <ClInclude Include="..\..\JPEG2000Format.h">
        <Filter>Header Files</Filter>
    </ClInclude>
    <ClInclude Include="..\..\JPEG2000Instance.h">
        <Filter>Header Files</Filter>
    </ClInclude>
    <ClInclude Include="..\..\JPEG2000Module.h">
        <Filter>Header Files</Filter>
    </ClInclude>
    <ClInclude Include="..\..\JPEG2000OptionsDialog.h">
        <Filter>Header Files</Filter>
    </ClInclude>
    <ClInclude Include="..\..\JPEG2000PreferencesDialog.h">
        <Filter>Header Files</Filter>
    </ClInclude>
  </ItemGroup>
  <ItemGroup>
    <None Include="..\..\icons\JP2.svg">
        <Filter>Image Files</Filter>
    </None>
    <None Include="..\..\icons\JPC.svg">
        <Filter>Image Files</Filter>
    </None>
  </ItemGroup>
</Project>
