<?xml version="1.0" encoding="utf-8"?>
<!--
######################################################################
# PixInsight Makefile Generator Script v1.133
# Copyright (C) 2009-2024 Pleiades Astrophoto
######################################################################
# Generated on .... 2024-01-22T10:20:52.277Z
# Project id ...... BMP
# Project type .... Module
# Platform ........ Windows/vc17
# ++++++++++++++++++++++++++++++++++++++++++++++++++++++++++++++++++++
# Additional preprocessor definitions:
# _CRT_SECURE_NO_WARNINGS
######################################################################
-->
<Project DefaultTargets="Build" ToolsVersion="4.0" xmlns="http://schemas.microsoft.com/developer/msbuild/2003">
  <ItemGroup>
    <Filter Include="Source Files">
      <UniqueIdentifier>641dd94a-b68b-4a40-abaa-70832fabeda9</UniqueIdentifier>
    </Filter>
    <Filter Include="Header Files">
      <UniqueIdentifier>0e20f5cc-e7a7-4f71-8e1c-67dffec646fb</UniqueIdentifier>
    </Filter>
    <Filter Include="Image Files">
      <UniqueIdentifier>e8fc935c-2d83-4546-942b-92a279a38333</UniqueIdentifier>
    </Filter>
  </ItemGroup>
  <ItemGroup>
    <ClCompile Include="..\..\BMPFormat.cpp">
        <Filter>Source Files</Filter>
    </ClCompile>
    <ClCompile Include="..\..\BMPInstance.cpp">
        <Filter>Source Files</Filter>
    </ClCompile>
    <ClCompile Include="..\..\BMPModule.cpp">
        <Filter>Source Files</Filter>
    </ClCompile>
  </ItemGroup>
  <ItemGroup>
    <ClInclude Include="..\..\BMPFormat.h">
        <Filter>Header Files</Filter>
    </ClInclude>
    <ClInclude Include="..\..\BMPInstance.h">
        <Filter>Header Files</Filter>
    </ClInclude>
    <ClInclude Include="..\..\BMPModule.h">
        <Filter>Header Files</Filter>
    </ClInclude>
  </ItemGroup>
  <ItemGroup>
    <None Include="..\..\icons\BMP.svg">
        <Filter>Image Files</Filter>
    </None>
    <None Include="..\..\icons\GIF.svg">
        <Filter>Image Files</Filter>
    </None>
    <None Include="..\..\icons\ICO.svg">
        <Filter>Image Files</Filter>
    </None>
    <None Include="..\..\icons\MNG.svg">
        <Filter>Image Files</Filter>
    </None>
    <None Include="..\..\icons\PBM.svg">
        <Filter>Image Files</Filter>
    </None>
    <None Include="..\..\icons\PGM.svg">
        <Filter>Image Files</Filter>
    </None>
    <None Include="..\..\icons\PNG.svg">
        <Filter>Image Files</Filter>
    </None>
    <None Include="..\..\icons\PPM.svg">
        <Filter>Image Files</Filter>
    </None>
    <None Include="..\..\icons\SVG.svg">
        <Filter>Image Files</Filter>
    </None>
    <None Include="..\..\icons\TGA.svg">
        <Filter>Image Files</Filter>
    </None>
    <None Include="..\..\icons\WEBP.svg">
        <Filter>Image Files</Filter>
    </None>
    <None Include="..\..\icons\XBM.svg">
        <Filter>Image Files</Filter>
    </None>
    <None Include="..\..\icons\XPM.svg">
        <Filter>Image Files</Filter>
    </None>
  </ItemGroup>
</Project>
