<?xml version="1.0" encoding="utf-8"?>
<!--
######################################################################
# PixInsight Makefile Generator Script v1.129
# Copyright (C) 2009-2023 Pleiades Astrophoto
######################################################################
# Generated on .... 2023-06-22T07:13:47.659Z
# Project id ...... BMP
# Project type .... Module
# Platform ........ Windows/vc17
# ++++++++++++++++++++++++++++++++++++++++++++++++++++++++++++++++++++
# Additional preprocessor definitions:
# _CRT_SECURE_NO_WARNINGS
######################################################################
-->
<Project DefaultTargets="Build" ToolsVersion="4.0" xmlns="http://schemas.microsoft.com/developer/msbuild/2003">
  <ItemGroup>
    <Filter Include="Source Files">
      <UniqueIdentifier>3a4b96d0-ada8-45ec-b86f-2839014d5b69</UniqueIdentifier>
    </Filter>
    <Filter Include="Header Files">
      <UniqueIdentifier>7ed28204-e0e4-4b62-a01a-26d8a71d8568</UniqueIdentifier>
    </Filter>
    <Filter Include="Image Files">
      <UniqueIdentifier>c2a63232-8cfd-4eac-93f9-b6369baebac5</UniqueIdentifier>
    </Filter>
  </ItemGroup>
  <ItemGroup>
    <ClCompile Include="..\..\BMPFormat.cpp">
        <Filter>Source Files</Filter>
    </ClCompile>
    <ClCompile Include="..\..\BMPInstance.cpp">
        <Filter>Source Files</Filter>
    </ClCompile>
    <ClCompile Include="..\..\BMPModule.cpp">
        <Filter>Source Files</Filter>
    </ClCompile>
  </ItemGroup>
  <ItemGroup>
    <ClInclude Include="..\..\BMPFormat.h">
        <Filter>Header Files</Filter>
    </ClInclude>
    <ClInclude Include="..\..\BMPInstance.h">
        <Filter>Header Files</Filter>
    </ClInclude>
    <ClInclude Include="..\..\BMPModule.h">
        <Filter>Header Files</Filter>
    </ClInclude>
  </ItemGroup>
  <ItemGroup>
    <None Include="..\..\icons\BMP.svg">
        <Filter>Image Files</Filter>
    </None>
    <None Include="..\..\icons\GIF.svg">
        <Filter>Image Files</Filter>
    </None>
    <None Include="..\..\icons\ICO.svg">
        <Filter>Image Files</Filter>
    </None>
    <None Include="..\..\icons\MNG.svg">
        <Filter>Image Files</Filter>
    </None>
    <None Include="..\..\icons\PBM.svg">
        <Filter>Image Files</Filter>
    </None>
    <None Include="..\..\icons\PGM.svg">
        <Filter>Image Files</Filter>
    </None>
    <None Include="..\..\icons\PNG.svg">
        <Filter>Image Files</Filter>
    </None>
    <None Include="..\..\icons\PPM.svg">
        <Filter>Image Files</Filter>
    </None>
    <None Include="..\..\icons\SVG.svg">
        <Filter>Image Files</Filter>
    </None>
    <None Include="..\..\icons\TGA.svg">
        <Filter>Image Files</Filter>
    </None>
    <None Include="..\..\icons\WEBP.svg">
        <Filter>Image Files</Filter>
    </None>
    <None Include="..\..\icons\XBM.svg">
        <Filter>Image Files</Filter>
    </None>
    <None Include="..\..\icons\XPM.svg">
        <Filter>Image Files</Filter>
    </None>
  </ItemGroup>
</Project>
