<?xml version="1.0" encoding="utf-8"?>
<!--
######################################################################
# PixInsight Makefile Generator Script v1.112
# Copyright (C) 2009-2019 Pleiades Astrophoto
######################################################################
# Generated on .... 2019-09-30T11:28:15.395Z
# Project id ...... Blink
# Project type .... Module
# Platform ........ Windows/vc15
# ++++++++++++++++++++++++++++++++++++++++++++++++++++++++++++++++++++
# Additional preprocessor definitions:
# _CRT_SECURE_NO_WARNINGS
######################################################################
-->
<Project DefaultTargets="Build" ToolsVersion="4.0" xmlns="http://schemas.microsoft.com/developer/msbuild/2003">
  <ItemGroup>
    <Filter Include="Source Files">
      <UniqueIdentifier>b1c4d73a-3b8c-4784-8dd9-ee76b4083d8a</UniqueIdentifier>
    </Filter>
    <Filter Include="Header Files">
      <UniqueIdentifier>1e51c838-5e48-4aaf-9ac7-aaaa04950a94</UniqueIdentifier>
    </Filter>
    <Filter Include="Image Files">
      <UniqueIdentifier>efa2f97e-b0e3-4ddf-b36c-f0190bb4ba1d</UniqueIdentifier>
    </Filter>
  </ItemGroup>
  <ItemGroup>
    <ClCompile Include="..\..\BlinkInterface.cpp">
        <Filter>Source Files</Filter>
    </ClCompile>
    <ClCompile Include="..\..\BlinkModule.cpp">
        <Filter>Source Files</Filter>
    </ClCompile>
    <ClCompile Include="..\..\BlinkProcess.cpp">
        <Filter>Source Files</Filter>
    </ClCompile>
    <ClCompile Include="..\..\BlinkStatisticsDialog.cpp">
        <Filter>Source Files</Filter>
    </ClCompile>
    <ClCompile Include="..\..\BlinkVideoDialog.cpp">
        <Filter>Source Files</Filter>
    </ClCompile>
  </ItemGroup>
  <ItemGroup>
    <ClInclude Include="..\..\BlinkInterface.h">
        <Filter>Header Files</Filter>
    </ClInclude>
    <ClInclude Include="..\..\BlinkModule.h">
        <Filter>Header Files</Filter>
    </ClInclude>
    <ClInclude Include="..\..\BlinkProcess.h">
        <Filter>Header Files</Filter>
    </ClInclude>
    <ClInclude Include="..\..\BlinkStatisticsDialog.h">
        <Filter>Header Files</Filter>
    </ClInclude>
    <ClInclude Include="..\..\BlinkVideoDialog.h">
        <Filter>Header Files</Filter>
    </ClInclude>
  </ItemGroup>
  <ItemGroup>
    <None Include="..\..\BlinkIcon.png">
        <Filter>Image Files</Filter>
    </None>
    <None Include="..\..\HistogramTransformationIcon.png">
        <Filter>Image Files</Filter>
    </None>
    <None Include="..\..\ScreenTransferFunctionIcon.png">
        <Filter>Image Files</Filter>
    </None>
  </ItemGroup>
</Project>
