<?xml version="1.0" encoding="utf-8"?>
<!--
######################################################################
# PixInsight Makefile Generator Script v1.131
# Copyright (C) 2009-2023 Pleiades Astrophoto
######################################################################
# Generated on .... 2023-11-25T20:21:19.407Z
# Project id ...... JPEG2000
# Project type .... Module
# Platform ........ Windows/vc16
# ++++++++++++++++++++++++++++++++++++++++++++++++++++++++++++++++++++
# Additional preprocessor definitions:
# _CRT_SECURE_NO_WARNINGS
# ++++++++++++++++++++++++++++++++++++++++++++++++++++++++++++++++++++
# Additional libraries:
# jasper-pxi
######################################################################
-->
<Project DefaultTargets="Build" ToolsVersion="4.0" xmlns="http://schemas.microsoft.com/developer/msbuild/2003">
  <ItemGroup>
    <Filter Include="Source Files">
      <UniqueIdentifier>826ad7e8-ff52-4065-9ce8-eec66d61706c</UniqueIdentifier>
    </Filter>
    <Filter Include="Header Files">
      <UniqueIdentifier>23ef52d0-c2cb-4f8e-a3e7-6901ed404a92</UniqueIdentifier>
    </Filter>
    <Filter Include="Image Files">
      <UniqueIdentifier>4a1ba3f4-3726-46c6-a97b-2f90f542737f</UniqueIdentifier>
    </Filter>
  </ItemGroup>
  <ItemGroup>
    <ClCompile Include="..\..\JPEG2000Format.cpp">
        <Filter>Source Files</Filter>
    </ClCompile>
    <ClCompile Include="..\..\JPEG2000Instance.cpp">
        <Filter>Source Files</Filter>
    </ClCompile>
    <ClCompile Include="..\..\JPEG2000Module.cpp">
        <Filter>Source Files</Filter>
    </ClCompile>
    <ClCompile Include="..\..\JPEG2000OptionsDialog.cpp">
        <Filter>Source Files</Filter>
    </ClCompile>
    <ClCompile Include="..\..\JPEG2000PreferencesDialog.cpp">
        <Filter>Source Files</Filter>
    </ClCompile>
  </ItemGroup>
  <ItemGroup>
    <ClInclude Include="..\..\JPEG2000Format.h">
        <Filter>Header Files</Filter>
    </ClInclude>
    <ClInclude Include="..\..\JPEG2000Instance.h">
        <Filter>Header Files</Filter>
    </ClInclude>
    <ClInclude Include="..\..\JPEG2000Module.h">
        <Filter>Header Files</Filter>
    </ClInclude>
    <ClInclude Include="..\..\JPEG2000OptionsDialog.h">
        <Filter>Header Files</Filter>
    </ClInclude>
    <ClInclude Include="..\..\JPEG2000PreferencesDialog.h">
        <Filter>Header Files</Filter>
    </ClInclude>
  </ItemGroup>
  <ItemGroup>
    <None Include="..\..\icons\JP2.svg">
        <Filter>Image Files</Filter>
    </None>
    <None Include="..\..\icons\JPC.svg">
        <Filter>Image Files</Filter>
    </None>
  </ItemGroup>
</Project>
