<?xml version="1.0" encoding="utf-8"?>
<!--
######################################################################
# PixInsight Makefile Generator Script v1.124
# Copyright (C) 2009-2021 Pleiades Astrophoto
######################################################################
# Generated on .... 2021-11-11T20:10:44.361Z
# Project id ...... StarGenerator
# Project type .... Module
# Platform ........ Windows/vc16
# ++++++++++++++++++++++++++++++++++++++++++++++++++++++++++++++++++++
# Additional preprocessor definitions:
# _CRT_SECURE_NO_WARNINGS
######################################################################
-->
<Project DefaultTargets="Build" ToolsVersion="4.0" xmlns="http://schemas.microsoft.com/developer/msbuild/2003">
  <ItemGroup>
    <Filter Include="Source Files">
      <UniqueIdentifier>6a975daf-a37a-496d-9c75-69782ecf5ecb</UniqueIdentifier>
    </Filter>
    <Filter Include="Header Files">
      <UniqueIdentifier>ee67f92c-5e5a-4b19-9919-b64f056a256e</UniqueIdentifier>
    </Filter>
    <Filter Include="Image Files">
      <UniqueIdentifier>166e2cb7-f328-435d-9a26-ce1b7636ecf2</UniqueIdentifier>
    </Filter>
  </ItemGroup>
  <ItemGroup>
    <ClCompile Include="..\..\Projection.cpp">
        <Filter>Source Files</Filter>
    </ClCompile>
    <ClCompile Include="..\..\StarGeneratorInstance.cpp">
        <Filter>Source Files</Filter>
    </ClCompile>
    <ClCompile Include="..\..\StarGeneratorInterface.cpp">
        <Filter>Source Files</Filter>
    </ClCompile>
    <ClCompile Include="..\..\StarGeneratorModule.cpp">
        <Filter>Source Files</Filter>
    </ClCompile>
    <ClCompile Include="..\..\StarGeneratorParameters.cpp">
        <Filter>Source Files</Filter>
    </ClCompile>
    <ClCompile Include="..\..\StarGeneratorProcess.cpp">
        <Filter>Source Files</Filter>
    </ClCompile>
  </ItemGroup>
  <ItemGroup>
    <ClInclude Include="..\..\GnomonicProjection.h">
        <Filter>Header Files</Filter>
    </ClInclude>
    <ClInclude Include="..\..\LambertConformalConicProjection.h">
        <Filter>Header Files</Filter>
    </ClInclude>
    <ClInclude Include="..\..\MercatorCylindricalProjection.h">
        <Filter>Header Files</Filter>
    </ClInclude>
    <ClInclude Include="..\..\Projection.h">
        <Filter>Header Files</Filter>
    </ClInclude>
    <ClInclude Include="..\..\ProjectionSystem.h">
        <Filter>Header Files</Filter>
    </ClInclude>
    <ClInclude Include="..\..\StarDatabase.h">
        <Filter>Header Files</Filter>
    </ClInclude>
    <ClInclude Include="..\..\StarGeneratorInstance.h">
        <Filter>Header Files</Filter>
    </ClInclude>
    <ClInclude Include="..\..\StarGeneratorInterface.h">
        <Filter>Header Files</Filter>
    </ClInclude>
    <ClInclude Include="..\..\StarGeneratorModule.h">
        <Filter>Header Files</Filter>
    </ClInclude>
    <ClInclude Include="..\..\StarGeneratorParameters.h">
        <Filter>Header Files</Filter>
    </ClInclude>
    <ClInclude Include="..\..\StarGeneratorProcess.h">
        <Filter>Header Files</Filter>
    </ClInclude>
    <ClInclude Include="..\..\StereographicProjection.h">
        <Filter>Header Files</Filter>
    </ClInclude>
  </ItemGroup>
  <ItemGroup>
    <None Include="..\..\icons\StarGenerator.svg">
        <Filter>Image Files</Filter>
    </None>
  </ItemGroup>
</Project>
