<?xml version="1.0" encoding="utf-8"?>
<!--
######################################################################
# PixInsight Makefile Generator Script v1.129
# Copyright (C) 2009-2023 Pleiades Astrophoto
######################################################################
# Generated on .... 2023-09-15T14:50:15.653Z
# Project id ...... Annotation
# Project type .... Module
# Platform ........ Windows/vc16
# ++++++++++++++++++++++++++++++++++++++++++++++++++++++++++++++++++++
# Additional preprocessor definitions:
# _CRT_SECURE_NO_WARNINGS
######################################################################
-->
<Project DefaultTargets="Build" ToolsVersion="4.0" xmlns="http://schemas.microsoft.com/developer/msbuild/2003">
  <ItemGroup>
    <Filter Include="Source Files">
      <UniqueIdentifier>173f0534-3182-42e4-bd0c-9bd100bed556</UniqueIdentifier>
    </Filter>
    <Filter Include="Header Files">
      <UniqueIdentifier>52c03d99-1753-40b7-ad49-c6c1688e13ba</UniqueIdentifier>
    </Filter>
    <Filter Include="Image Files">
      <UniqueIdentifier>686f27c9-1e52-4fc6-be94-70692a04f706</UniqueIdentifier>
    </Filter>
  </ItemGroup>
  <ItemGroup>
    <ClCompile Include="..\..\AnnotationInstance.cpp">
        <Filter>Source Files</Filter>
    </ClCompile>
    <ClCompile Include="..\..\AnnotationInterface.cpp">
        <Filter>Source Files</Filter>
    </ClCompile>
    <ClCompile Include="..\..\AnnotationModule.cpp">
        <Filter>Source Files</Filter>
    </ClCompile>
    <ClCompile Include="..\..\AnnotationParameters.cpp">
        <Filter>Source Files</Filter>
    </ClCompile>
    <ClCompile Include="..\..\AnnotationProcess.cpp">
        <Filter>Source Files</Filter>
    </ClCompile>
    <ClCompile Include="..\..\AnnotationRenderer.cpp">
        <Filter>Source Files</Filter>
    </ClCompile>
  </ItemGroup>
  <ItemGroup>
    <ClInclude Include="..\..\AnnotationInstance.h">
        <Filter>Header Files</Filter>
    </ClInclude>
    <ClInclude Include="..\..\AnnotationInterface.h">
        <Filter>Header Files</Filter>
    </ClInclude>
    <ClInclude Include="..\..\AnnotationModule.h">
        <Filter>Header Files</Filter>
    </ClInclude>
    <ClInclude Include="..\..\AnnotationParameters.h">
        <Filter>Header Files</Filter>
    </ClInclude>
    <ClInclude Include="..\..\AnnotationProcess.h">
        <Filter>Header Files</Filter>
    </ClInclude>
    <ClInclude Include="..\..\AnnotationRenderer.h">
        <Filter>Header Files</Filter>
    </ClInclude>
  </ItemGroup>
  <ItemGroup>
    <None Include="..\..\cursors\1.5\move_all.png">
        <Filter>Image Files</Filter>
    </None>
    <None Include="..\..\cursors\1.5\move_all_active.png">
        <Filter>Image Files</Filter>
    </None>
    <None Include="..\..\cursors\2.0\move_all.png">
        <Filter>Image Files</Filter>
    </None>
    <None Include="..\..\cursors\2.0\move_all_active.png">
        <Filter>Image Files</Filter>
    </None>
    <None Include="..\..\cursors\2.5\move_all.png">
        <Filter>Image Files</Filter>
    </None>
    <None Include="..\..\cursors\2.5\move_all_active.png">
        <Filter>Image Files</Filter>
    </None>
    <None Include="..\..\cursors\3.0\move_all.png">
        <Filter>Image Files</Filter>
    </None>
    <None Include="..\..\cursors\3.0\move_all_active.png">
        <Filter>Image Files</Filter>
    </None>
    <None Include="..\..\cursors\3.5\move_all.png">
        <Filter>Image Files</Filter>
    </None>
    <None Include="..\..\cursors\3.5\move_all_active.png">
        <Filter>Image Files</Filter>
    </None>
    <None Include="..\..\cursors\4.0\move_all.png">
        <Filter>Image Files</Filter>
    </None>
    <None Include="..\..\cursors\4.0\move_all_active.png">
        <Filter>Image Files</Filter>
    </None>
    <None Include="..\..\cursors\move_all.png">
        <Filter>Image Files</Filter>
    </None>
    <None Include="..\..\cursors\move_all_active.png">
        <Filter>Image Files</Filter>
    </None>
    <None Include="..\..\icons\Annotation.svg">
        <Filter>Image Files</Filter>
    </None>
  </ItemGroup>
</Project>
