<?xml version="1.0" encoding="utf-8"?>
<!--
######################################################################
# PixInsight Makefile Generator Script v1.119
# Copyright (C) 2009-2020 Pleiades Astrophoto
######################################################################
# Generated on .... 2020-10-12T19:30:09.069Z
# Project id ...... Annotation
# Project type .... Module
# Platform ........ Windows/vc16
# ++++++++++++++++++++++++++++++++++++++++++++++++++++++++++++++++++++
# Additional preprocessor definitions:
# _CRT_SECURE_NO_WARNINGS
######################################################################
-->
<Project DefaultTargets="Build" ToolsVersion="4.0" xmlns="http://schemas.microsoft.com/developer/msbuild/2003">
  <ItemGroup>
    <Filter Include="Source Files">
      <UniqueIdentifier>79e9d202-de9c-4992-bee3-fb9a384ea0e6</UniqueIdentifier>
    </Filter>
    <Filter Include="Header Files">
      <UniqueIdentifier>3a58d702-27f5-40c4-98df-e914b54d9c97</UniqueIdentifier>
    </Filter>
    <Filter Include="Image Files">
      <UniqueIdentifier>76b7f6f9-c020-4d21-aef2-0ee29e7f6b35</UniqueIdentifier>
    </Filter>
  </ItemGroup>
  <ItemGroup>
    <ClCompile Include="..\..\AnnotationInstance.cpp">
        <Filter>Source Files</Filter>
    </ClCompile>
    <ClCompile Include="..\..\AnnotationInterface.cpp">
        <Filter>Source Files</Filter>
    </ClCompile>
    <ClCompile Include="..\..\AnnotationModule.cpp">
        <Filter>Source Files</Filter>
    </ClCompile>
    <ClCompile Include="..\..\AnnotationParameters.cpp">
        <Filter>Source Files</Filter>
    </ClCompile>
    <ClCompile Include="..\..\AnnotationProcess.cpp">
        <Filter>Source Files</Filter>
    </ClCompile>
    <ClCompile Include="..\..\AnnotationRenderer.cpp">
        <Filter>Source Files</Filter>
    </ClCompile>
  </ItemGroup>
  <ItemGroup>
    <ClInclude Include="..\..\AnnotationInstance.h">
        <Filter>Header Files</Filter>
    </ClInclude>
    <ClInclude Include="..\..\AnnotationInterface.h">
        <Filter>Header Files</Filter>
    </ClInclude>
    <ClInclude Include="..\..\AnnotationModule.h">
        <Filter>Header Files</Filter>
    </ClInclude>
    <ClInclude Include="..\..\AnnotationParameters.h">
        <Filter>Header Files</Filter>
    </ClInclude>
    <ClInclude Include="..\..\AnnotationProcess.h">
        <Filter>Header Files</Filter>
    </ClInclude>
    <ClInclude Include="..\..\AnnotationRenderer.h">
        <Filter>Header Files</Filter>
    </ClInclude>
  </ItemGroup>
  <ItemGroup>
    <None Include="..\..\cursors\1.5\move_all.png">
        <Filter>Image Files</Filter>
    </None>
    <None Include="..\..\cursors\1.5\move_all_active.png">
        <Filter>Image Files</Filter>
    </None>
    <None Include="..\..\cursors\2.0\move_all.png">
        <Filter>Image Files</Filter>
    </None>
    <None Include="..\..\cursors\2.0\move_all_active.png">
        <Filter>Image Files</Filter>
    </None>
    <None Include="..\..\cursors\2.5\move_all.png">
        <Filter>Image Files</Filter>
    </None>
    <None Include="..\..\cursors\2.5\move_all_active.png">
        <Filter>Image Files</Filter>
    </None>
    <None Include="..\..\cursors\3.0\move_all.png">
        <Filter>Image Files</Filter>
    </None>
    <None Include="..\..\cursors\3.0\move_all_active.png">
        <Filter>Image Files</Filter>
    </None>
    <None Include="..\..\cursors\3.5\move_all.png">
        <Filter>Image Files</Filter>
    </None>
    <None Include="..\..\cursors\3.5\move_all_active.png">
        <Filter>Image Files</Filter>
    </None>
    <None Include="..\..\cursors\4.0\move_all.png">
        <Filter>Image Files</Filter>
    </None>
    <None Include="..\..\cursors\4.0\move_all_active.png">
        <Filter>Image Files</Filter>
    </None>
    <None Include="..\..\cursors\move_all.png">
        <Filter>Image Files</Filter>
    </None>
    <None Include="..\..\cursors\move_all_active.png">
        <Filter>Image Files</Filter>
    </None>
    <None Include="..\..\icons\Annotation.svg">
        <Filter>Image Files</Filter>
    </None>
  </ItemGroup>
</Project>
