<?xml version="1.0" encoding="utf-8"?>
<!--
######################################################################
# PixInsight Makefile Generator Script v1.142
# Copyright (C) 2009-2024 Pleiades Astrophoto
######################################################################
# Generated on .... 2024-12-17T20:30:54.482Z
# Project id ...... NetworkService
# Project type .... Module
# Platform ........ Windows/vc16
# ++++++++++++++++++++++++++++++++++++++++++++++++++++++++++++++++++++
# Additional preprocessor definitions:
# _CRT_SECURE_NO_WARNINGS
######################################################################
-->
<Project DefaultTargets="Build" ToolsVersion="4.0" xmlns="http://schemas.microsoft.com/developer/msbuild/2003">
  <ItemGroup>
    <Filter Include="Source Files">
      <UniqueIdentifier>301ac3be-42e1-469a-864d-fa5c85c1573b</UniqueIdentifier>
    </Filter>
    <Filter Include="Header Files">
      <UniqueIdentifier>01ca23f7-34ff-40fe-bdbd-e74cee7329e6</UniqueIdentifier>
    </Filter>
    <Filter Include="Image Files">
      <UniqueIdentifier>e5f4cfd4-48a7-4972-8c91-433964807481</UniqueIdentifier>
    </Filter>
  </ItemGroup>
  <ItemGroup>
    <ClCompile Include="..\..\NetworkServiceDownloader.cpp">
        <Filter>Source Files</Filter>
    </ClCompile>
    <ClCompile Include="..\..\NetworkServiceInterface.cpp">
        <Filter>Source Files</Filter>
    </ClCompile>
    <ClCompile Include="..\..\NetworkServiceModule.cpp">
        <Filter>Source Files</Filter>
    </ClCompile>
    <ClCompile Include="..\..\NetworkServiceProcess.cpp">
        <Filter>Source Files</Filter>
    </ClCompile>
    <ClCompile Include="..\..\NetworkServiceTask.cpp">
        <Filter>Source Files</Filter>
    </ClCompile>
  </ItemGroup>
  <ItemGroup>
    <ClInclude Include="..\..\NetworkServiceDownloader.h">
        <Filter>Header Files</Filter>
    </ClInclude>
    <ClInclude Include="..\..\NetworkServiceInterface.h">
        <Filter>Header Files</Filter>
    </ClInclude>
    <ClInclude Include="..\..\NetworkServiceLogger.h">
        <Filter>Header Files</Filter>
    </ClInclude>
    <ClInclude Include="..\..\NetworkServiceModule.h">
        <Filter>Header Files</Filter>
    </ClInclude>
    <ClInclude Include="..\..\NetworkServiceProcess.h">
        <Filter>Header Files</Filter>
    </ClInclude>
    <ClInclude Include="..\..\NetworkServiceTask.h">
        <Filter>Header Files</Filter>
    </ClInclude>
  </ItemGroup>
  <ItemGroup>
    <None Include="..\..\icons\NetWorkService.svg">
        <Filter>Image Files</Filter>
    </None>
  </ItemGroup>
</Project>
