<?xml version="1.0" encoding="utf-8"?>
<!--
######################################################################
# PixInsight Makefile Generator Script v1.143
# Copyright (C) 2009-2024 Pleiades Astrophoto
######################################################################
# Generated on .... 2024-12-28T16:56:13.316Z
# Project id ...... NetworkService
# Project type .... Module
# Platform ........ Windows/vc16
# ++++++++++++++++++++++++++++++++++++++++++++++++++++++++++++++++++++
# Additional preprocessor definitions:
# _CRT_SECURE_NO_WARNINGS
######################################################################
-->
<Project DefaultTargets="Build" ToolsVersion="4.0" xmlns="http://schemas.microsoft.com/developer/msbuild/2003">
  <ItemGroup>
    <Filter Include="Source Files">
      <UniqueIdentifier>a88455a8-5bac-4b08-b2d0-4682adf3fac6</UniqueIdentifier>
    </Filter>
    <Filter Include="Header Files">
      <UniqueIdentifier>4de4b404-ccae-4f57-a6cc-bb152456ad56</UniqueIdentifier>
    </Filter>
    <Filter Include="Image Files">
      <UniqueIdentifier>5fb99ef5-ab52-4dbb-bb00-9334adb3cfdc</UniqueIdentifier>
    </Filter>
  </ItemGroup>
  <ItemGroup>
    <ClCompile Include="..\..\NetworkServiceDownloader.cpp">
        <Filter>Source Files</Filter>
    </ClCompile>
    <ClCompile Include="..\..\NetworkServiceInterface.cpp">
        <Filter>Source Files</Filter>
    </ClCompile>
    <ClCompile Include="..\..\NetworkServiceModule.cpp">
        <Filter>Source Files</Filter>
    </ClCompile>
    <ClCompile Include="..\..\NetworkServiceProcess.cpp">
        <Filter>Source Files</Filter>
    </ClCompile>
    <ClCompile Include="..\..\NetworkServiceTask.cpp">
        <Filter>Source Files</Filter>
    </ClCompile>
  </ItemGroup>
  <ItemGroup>
    <ClInclude Include="..\..\NetworkServiceDownloader.h">
        <Filter>Header Files</Filter>
    </ClInclude>
    <ClInclude Include="..\..\NetworkServiceInterface.h">
        <Filter>Header Files</Filter>
    </ClInclude>
    <ClInclude Include="..\..\NetworkServiceLogger.h">
        <Filter>Header Files</Filter>
    </ClInclude>
    <ClInclude Include="..\..\NetworkServiceModule.h">
        <Filter>Header Files</Filter>
    </ClInclude>
    <ClInclude Include="..\..\NetworkServiceProcess.h">
        <Filter>Header Files</Filter>
    </ClInclude>
    <ClInclude Include="..\..\NetworkServiceTask.h">
        <Filter>Header Files</Filter>
    </ClInclude>
  </ItemGroup>
  <ItemGroup>
    <None Include="..\..\icons\NetWorkService.svg">
        <Filter>Image Files</Filter>
    </None>
  </ItemGroup>
</Project>
